<?xml version="1.0" encoding="utf-8"?>
<Project ToolsVersion="4.0" xmlns="http://schemas.microsoft.com/developer/msbuild/2003">
  <ItemGroup>
    <Filter Include="Source Files">
      <UniqueIdentifier>{4FC737F1-C7A5-4376-A066-2A32D752A2FF}</UniqueIdentifier>
      <Extensions>cpp;c;cc;cxx;c++;cppm;ixx;def;odl;idl;hpj;bat;asm;asmx</Extensions>
    </Filter>
    <Filter Include="Header Files">
      <UniqueIdentifier>{93995380-89BD-4b04-88EB-625FBE52EBFB}</UniqueIdentifier>
      <Extensions>h;hh;hpp;hxx;h++;hm;inl;inc;ipp;xsd</Extensions>
    </Filter>
    <Filter Include="Resource Files">
      <UniqueIdentifier>{67DA6AB6-F800-4c08-8B7A-83BB121AAD01}</UniqueIdentifier>
      <Extensions>rc;ico;cur;bmp;dlg;rc2;rct;bin;rgs;gif;jpg;jpeg;jpe;resx;tiff;tif;png;wav;mfcribbon-ms</Extensions>
    </Filter>
  </ItemGroup>
  <ItemGroup>
    <ClInclude Include="PythonCpp.h">
      <Filter>Header Files</Filter>
    </ClInclude>
    <ClInclude Include="PythonMain.h">
      <Filter>Header Files</Filter>
    </ClInclude>
    <ClInclude Include="PythonModule.h">
      <Filter>Header Files</Filter>
    </ClInclude>
    <ClInclude Include="PythonInspect.h">
      <Filter>Header Files</Filter>
    </ClInclude>
    <ClInclude Include="PythonBuilders.h">
      <Filter>Header Files</Filter>
    </ClInclude>
    <ClInclude Include="PythonDefs.h">
      <Filter>Header Files</Filter>
    </ClInclude>
    <ClInclude Include="PythonClass.h">
      <Filter>Header Files</Filter>
    </ClInclude>
    <ClInclude Include="PythonInstance.h">
      <Filter>Header Files</Filter>
    </ClInclude>
    <ClInclude Include="PythonFunction.h">
      <Filter>Header Files</Filter>
    </ClInclude>
    <ClInclude Include="PythonList.h">
      <Filter>Header Files</Filter>
    </ClInclude>
    <ClInclude Include="PythonTuple.h">
      <Filter>Header Files</Filter>
    </ClInclude>
    <ClInclude Include="PythonDict.h">
      <Filter>Header Files</Filter>
    </ClInclude>
    <ClInclude Include="PythonType.h">
      <Filter>Header Files</Filter>
    </ClInclude>
    <ClInclude Include="PythonObject.h">
      <Filter>Header Files</Filter>
    </ClInclude>
    <ClInclude Include="private\Python.hpp">
      <Filter>Header Files</Filter>
    </ClInclude>
    <ClInclude Include="PythonException.h">
      <Filter>Header Files</Filter>
    </ClInclude>
  </ItemGroup>
  <ItemGroup>
    <ClCompile Include="PythonBuilders.cpp">
      <Filter>Source Files</Filter>
    </ClCompile>
    <ClCompile Include="PythonClass.cpp">
      <Filter>Source Files</Filter>
    </ClCompile>
    <ClCompile Include="PythonObject.cpp">
      <Filter>Source Files</Filter>
    </ClCompile>
    <ClCompile Include="PythonDict.cpp">
      <Filter>Source Files</Filter>
    </ClCompile>
    <ClCompile Include="PythonFunction.cpp">
      <Filter>Source Files</Filter>
    </ClCompile>
    <ClCompile Include="PythonInspect.cpp">
      <Filter>Source Files</Filter>
    </ClCompile>
    <ClCompile Include="PythonInstance.cpp">
      <Filter>Source Files</Filter>
    </ClCompile>
    <ClCompile Include="PythonList.cpp">
      <Filter>Source Files</Filter>
    </ClCompile>
    <ClCompile Include="PythonMain.cpp">
      <Filter>Source Files</Filter>
    </ClCompile>
    <ClCompile Include="PythonModule.cpp">
      <Filter>Source Files</Filter>
    </ClCompile>
    <ClCompile Include="PythonTuple.cpp">
      <Filter>Source Files</Filter>
    </ClCompile>
    <ClCompile Include="PythonType.cpp">
      <Filter>Source Files</Filter>
    </ClCompile>
    <ClCompile Include="PythonException.cpp">
      <Filter>Source Files</Filter>
    </ClCompile>
  </ItemGroup>
</Project>