<?xml version="1.0" encoding="utf-8"?>
<Project ToolsVersion="4.0" xmlns="http://schemas.microsoft.com/developer/msbuild/2003">
  <ItemGroup>
    <Filter Include="Source Files">
      <UniqueIdentifier>{4FC737F1-C7A5-4376-A066-2A32D752A2FF}</UniqueIdentifier>
      <Extensions>cpp;c;cc;cxx;c++;cppm;ixx;def;odl;idl;hpj;bat;asm;asmx</Extensions>
    </Filter>
    <Filter Include="Header Files">
      <UniqueIdentifier>{93995380-89BD-4b04-88EB-625FBE52EBFB}</UniqueIdentifier>
      <Extensions>h;hh;hpp;hxx;h++;hm;inl;inc;ipp;xsd</Extensions>
    </Filter>
    <Filter Include="Resource Files">
      <UniqueIdentifier>{67DA6AB6-F800-4c08-8B7A-83BB121AAD01}</UniqueIdentifier>
      <Extensions>rc;ico;cur;bmp;dlg;rc2;rct;bin;rgs;gif;jpg;jpeg;jpe;resx;tiff;tif;png;wav;mfcribbon-ms</Extensions>
    </Filter>
    <Filter Include="python">
      <UniqueIdentifier>{c9dbb778-58e9-45c0-aa62-3925272cb081}</UniqueIdentifier>
    </Filter>
  </ItemGroup>
  <ItemGroup>
    <ClCompile Include="main.cpp">
      <Filter>Source Files</Filter>
    </ClCompile>
    <ClCompile Include="testFunctions.cpp">
      <Filter>Source Files</Filter>
    </ClCompile>
    <ClCompile Include="testVariables.cpp">
      <Filter>Source Files</Filter>
    </ClCompile>
    <ClCompile Include="testDictionary.cpp">
      <Filter>Source Files</Filter>
    </ClCompile>
    <ClCompile Include="testList.cpp">
      <Filter>Source Files</Filter>
    </ClCompile>
    <ClCompile Include="testTuple.cpp">
      <Filter>Source Files</Filter>
    </ClCompile>
    <ClCompile Include="testThirdPartyModules.cpp">
      <Filter>Source Files</Filter>
    </ClCompile>
    <ClCompile Include="testInspect.cpp">
      <Filter>Source Files</Filter>
    </ClCompile>
    <ClCompile Include="testModule.cpp">
      <Filter>Source Files</Filter>
    </ClCompile>
    <ClCompile Include="testClasses.cpp">
      <Filter>Source Files</Filter>
    </ClCompile>
    <ClCompile Include="testClassesCreation.cpp">
      <Filter>Source Files</Filter>
    </ClCompile>
    <ClCompile Include="testMemory.cpp">
      <Filter>Source Files</Filter>
    </ClCompile>
  </ItemGroup>
  <ItemGroup>
    <None Include="catch2.runsettings" />
    <None Include="python\secondarymodule.py">
      <Filter>python</Filter>
    </None>
    <None Include="python\testmodule.py">
      <Filter>python</Filter>
    </None>
    <None Include="python\test_3rd_party.py">
      <Filter>python</Filter>
    </None>
    <None Include="python\testcreatemodules.py">
      <Filter>python</Filter>
    </None>
    <None Include="python\testclasses.py">
      <Filter>python</Filter>
    </None>
  </ItemGroup>
  <ItemGroup>
    <ClInclude Include="testCommon.h">
      <Filter>Header Files</Filter>
    </ClInclude>
  </ItemGroup>
</Project>