
Microsoft Visual Studio Solution File, Format Version 12.00
# Visual Studio Version 17
VisualStudioVersion = 17.6.33815.320
MinimumVisualStudioVersion = 10.0.40219.1
Project("{8BC9CEB8-8B4A-11D0-8D11-00A0C91BC942}") = "PythonCpp", "PythonCpp\PythonCpp.vcxproj", "{57218C48-2D29-4931-AB34-799518E6550C}"
EndProject
Project("{2150E333-8FDC-42A3-9474-1A3956D46DE8}") = "Solution Items", "Solution Items", "{51CF8FC2-974E-4694-87AF-0909B86FD016}"
	ProjectSection(SolutionItems) = preProject
		.gitignore = .gitignore
		LICENSE = LICENSE
		README.md = README.md
	EndProjectSection
EndProject
Project("{8BC9CEB8-8B4A-11D0-8D11-00A0C91BC942}") = "Test", "Test\Test.vcxproj", "{E11435E0-3743-415E-BB05-A9D4F59CD27F}"
	ProjectSection(ProjectDependencies) = postProject
		{57218C48-2D29-4931-AB34-799518E6550C} = {57218C48-2D29-4931-AB34-799518E6550C}
	EndProjectSection
EndProject
Project("{8BC9CEB8-8B4A-11D0-8D11-00A0C91BC942}") = "Install", "Install\Install.vcxproj", "{24B987C4-25BD-4DB7-851A-AAD94393193F}"
	ProjectSection(ProjectDependencies) = postProject
		{57218C48-2D29-4931-AB34-799518E6550C} = {57218C48-2D29-4931-AB34-799518E6550C}
	EndProjectSection
EndProject
Project("{8BC9CEB8-8B4A-11D0-8D11-00A0C91BC942}") = "PythonCppExample", "PythonCppExample\PythonCppExample.vcxproj", "{A7BE0949-4030-41DC-A0EE-8BBA9087D0A0}"
	ProjectSection(ProjectDependencies) = postProject
		{57218C48-2D29-4931-AB34-799518E6550C} = {57218C48-2D29-4931-AB34-799518E6550C}
	EndProjectSection
EndProject
Global
	GlobalSection(SolutionConfigurationPlatforms) = preSolution
		Debug|x64 = Debug|x64
		Debug|x86 = Debug|x86
		Release|x64 = Release|x64
		Release|x86 = Release|x86
	EndGlobalSection
	GlobalSection(ProjectConfigurationPlatforms) = postSolution
		{57218C48-2D29-4931-AB34-799518E6550C}.Debug|x64.ActiveCfg = Debug|x64
		{57218C48-2D29-4931-AB34-799518E6550C}.Debug|x64.Build.0 = Debug|x64
		{57218C48-2D29-4931-AB34-799518E6550C}.Debug|x86.ActiveCfg = Debug|Win32
		{57218C48-2D29-4931-AB34-799518E6550C}.Debug|x86.Build.0 = Debug|Win32
		{57218C48-2D29-4931-AB34-799518E6550C}.Release|x64.ActiveCfg = Release|x64
		{57218C48-2D29-4931-AB34-799518E6550C}.Release|x64.Build.0 = Release|x64
		{57218C48-2D29-4931-AB34-799518E6550C}.Release|x86.ActiveCfg = Release|Win32
		{57218C48-2D29-4931-AB34-799518E6550C}.Release|x86.Build.0 = Release|Win32
		{E11435E0-3743-415E-BB05-A9D4F59CD27F}.Debug|x64.ActiveCfg = Debug|x64
		{E11435E0-3743-415E-BB05-A9D4F59CD27F}.Debug|x64.Build.0 = Debug|x64
		{E11435E0-3743-415E-BB05-A9D4F59CD27F}.Debug|x86.ActiveCfg = Debug|Win32
		{E11435E0-3743-415E-BB05-A9D4F59CD27F}.Debug|x86.Build.0 = Debug|Win32
		{E11435E0-3743-415E-BB05-A9D4F59CD27F}.Release|x64.ActiveCfg = Release|x64
		{E11435E0-3743-415E-BB05-A9D4F59CD27F}.Release|x64.Build.0 = Release|x64
		{E11435E0-3743-415E-BB05-A9D4F59CD27F}.Release|x86.ActiveCfg = Release|Win32
		{E11435E0-3743-415E-BB05-A9D4F59CD27F}.Release|x86.Build.0 = Release|Win32
		{24B987C4-25BD-4DB7-851A-AAD94393193F}.Debug|x64.ActiveCfg = Debug|x64
		{24B987C4-25BD-4DB7-851A-AAD94393193F}.Debug|x64.Build.0 = Debug|x64
		{24B987C4-25BD-4DB7-851A-AAD94393193F}.Debug|x86.ActiveCfg = Debug|Win32
		{24B987C4-25BD-4DB7-851A-AAD94393193F}.Debug|x86.Build.0 = Debug|Win32
		{24B987C4-25BD-4DB7-851A-AAD94393193F}.Release|x64.ActiveCfg = Release|x64
		{24B987C4-25BD-4DB7-851A-AAD94393193F}.Release|x64.Build.0 = Release|x64
		{24B987C4-25BD-4DB7-851A-AAD94393193F}.Release|x86.ActiveCfg = Release|Win32
		{24B987C4-25BD-4DB7-851A-AAD94393193F}.Release|x86.Build.0 = Release|Win32
		{A7BE0949-4030-41DC-A0EE-8BBA9087D0A0}.Debug|x64.ActiveCfg = Debug|x64
		{A7BE0949-4030-41DC-A0EE-8BBA9087D0A0}.Debug|x64.Build.0 = Debug|x64
		{A7BE0949-4030-41DC-A0EE-8BBA9087D0A0}.Debug|x86.ActiveCfg = Debug|Win32
		{A7BE0949-4030-41DC-A0EE-8BBA9087D0A0}.Debug|x86.Build.0 = Debug|Win32
		{A7BE0949-4030-41DC-A0EE-8BBA9087D0A0}.Release|x64.ActiveCfg = Release|x64
		{A7BE0949-4030-41DC-A0EE-8BBA9087D0A0}.Release|x64.Build.0 = Release|x64
		{A7BE0949-4030-41DC-A0EE-8BBA9087D0A0}.Release|x86.ActiveCfg = Release|Win32
		{A7BE0949-4030-41DC-A0EE-8BBA9087D0A0}.Release|x86.Build.0 = Release|Win32
	EndGlobalSection
	GlobalSection(SolutionProperties) = preSolution
		HideSolutionNode = FALSE
	EndGlobalSection
	GlobalSection(ExtensibilityGlobals) = postSolution
		SolutionGuid = {3ED3F765-664D-408C-BB76-B36088FFA5D5}
	EndGlobalSection
EndGlobal
